Microsoft Visual Studio Solution File, Format Version 12.00
# Visual Studio Version 17
VisualStudioVersion = 17.13.35818.85
MinimumVisualStudioVersion = 10.0.40219.1
Project("{FAE04EC0-301F-11D3-BF4B-00C04F79EFBC}") = "EShop.Web", "EShop.Web\EShop.Web.csproj", "{EC0FF810-8BE0-4B6E-8766-032CE698A28B}"
EndProject
Global
	GlobalSection(SolutionConfigurationPlatforms) = preSolution
		Debug|Any CPU = Debug|Any CPU
		Release|Any CPU = Release|Any CPU
	EndGlobalSection
	GlobalSection(ProjectConfigurationPlatforms) = postSolution
		{EC0FF810-8BE0-4B6E-8766-032CE698A28B}.Debug|Any CPU.ActiveCfg = Debug|Any CPU
		{EC0FF810-8BE0-4B6E-8766-032CE698A28B}.Debug|Any CPU.Build.0 = Debug|Any CPU
		{EC0FF810-8BE0-4B6E-8766-032CE698A28B}.Release|Any CPU.ActiveCfg = Release|Any CPU
		{EC0FF810-8BE0-4B6E-8766-032CE698A28B}.Release|Any CPU.Build.0 = Release|Any CPU
	EndGlobalSection
	GlobalSection(SolutionProperties) = preSolution
		HideSolutionNode = FALSE
	EndGlobalSection
	GlobalSection(ExtensibilityGlobals) = postSolution
		SolutionGuid = {213F0601-7196-4E3F-BFBB-C4818F030876}
	EndGlobalSection
EndGlobal
